# This file is autogenerated, do not edit; changes may be undone by the next 'dep ensure'.


[[projects]]
  branch = "master"
  digest = "1:2121d6a24377175707e73bb3d4f78d4511b87abfe93a02824eb1390b5bc2a293"
  name = "github.com/Unknwon/goconfig"
  packages = ["."]
  pruneopts = "UT"
  revision = "3dba17dd7b9ec8509b3621a73a30a4b333eb28da"

[[projects]]
  branch = "master"
  digest = "1:d527344aab3b30bf460300762dc36813acb86f58a5403efb2bda5a459497450f"
  name = "github.com/c4pt0r/ini"
  packages = ["."]
  pruneopts = "UT"
  revision = "47e5250791e5019a296626fc03064cf2b4e39f65"

[[projects]]
  digest = "1:434aab943cc1c082c9df36bd4b1f107d9ef4af930d2ce13d3f2eb008df9196f0"
  name = "github.com/flosch/pongo2"
  packages = ["."]
  pruneopts = "UT"
  revision = "5e81b817a0c48c1c57cdf1a9056cf76bdee02ca9"
  version = "v3.0"

[[projects]]
  digest = "1:850c49ca338a10fec2cb9e78f793043ed23965489d09e30bcc19fe29719da313"
  name = "github.com/go-sql-driver/mysql"
  packages = ["."]
  pruneopts = "UT"
  revision = "a0583e0143b1624142adab07e0e97fe106d99561"
  version = "v1.3.0"

[[projects]]
  branch = "master"
  digest = "1:5af2f09cefe2119d47d2bd99d8b68bbe5be93a4754a70ee171d96d9ce32514c1"
  name = "github.com/goinggo/mapstructure"
  packages = ["."]
  pruneopts = "UT"
  revision = "194205d9b4a98eff86d4e8d3c0dfe87dea59ef81"

[[projects]]
  digest = "1:6d39be33a917111436132ff319562545899eaeca7039a1bfffd0cd0246990d78"
  name = "github.com/jinzhu/gorm"
  packages = [
    ".",
    "dialects/mysql",
  ]
  pruneopts = "UT"
  revision = "836fb2c19d84dac7b0272958dfb9af7cf0d0ade4"
  version = "v1.9.10"

[[projects]]
  digest = "1:01ed62f8f4f574d8aff1d88caee113700a2b44c42351943fa73cc1808f736a50"
  name = "github.com/jinzhu/inflection"
  packages = ["."]
  pruneopts = "UT"
  revision = "f5c5f50e6090ae76a29240b61ae2a90dd810112e"
  version = "v1.0.0"

[solve-meta]
  analyzer-name = "dep"
  analyzer-version = 1
  input-imports = [
    "github.com/Unknwon/goconfig",
    "github.com/c4pt0r/ini",
    "github.com/flosch/pongo2",
    "github.com/goinggo/mapstructure",
    "github.com/jinzhu/gorm",
    "github.com/jinzhu/gorm/dialects/mysql",
  ]
  solver-name = "gps-cdcl"
  solver-version = 1
